
Microsoft Visual Studio Solution File, Format Version 12.00
# Visual Studio Version 17
VisualStudioVersion = 17.1.32210.238
MinimumVisualStudioVersion = 10.0.40219.1
Project("{FAE04EC0-301F-11D3-BF4B-00C04F79EFBC}") = "IMDBApp", "IMDBApp\IMDBApp.csproj", "{512B831E-94AA-4780-99AD-CE857CBA7BBD}"
EndProject
Global
	GlobalSection(SolutionConfigurationPlatforms) = preSolution
		Debug|Any CPU = Debug|Any CPU
		Release|Any CPU = Release|Any CPU
	EndGlobalSection
	GlobalSection(ProjectConfigurationPlatforms) = postSolution
		{512B831E-94AA-4780-99AD-CE857CBA7BBD}.Debug|Any CPU.ActiveCfg = Debug|Any CPU
		{512B831E-94AA-4780-99AD-CE857CBA7BBD}.Debug|Any CPU.Build.0 = Debug|Any CPU
		{512B831E-94AA-4780-99AD-CE857CBA7BBD}.Release|Any CPU.ActiveCfg = Release|Any CPU
		{512B831E-94AA-4780-99AD-CE857CBA7BBD}.Release|Any CPU.Build.0 = Release|Any CPU
	EndGlobalSection
	GlobalSection(SolutionProperties) = preSolution
		HideSolutionNode = FALSE
	EndGlobalSection
	GlobalSection(ExtensibilityGlobals) = postSolution
		SolutionGuid = {6535039F-0906-4547-AC6A-4A694A5B5FF5}
	EndGlobalSection
EndGlobal
